{
  "name": "trackthis-error-reporting",
  "version": "0.0.1",
  "lockfileVersion": 1,
  "requires": true,
  "dependencies": {
    "slashjs": {
      "version": "1.0.0",
      "resolved": "https://registry.npmjs.org/slashjs/-/slashjs-1.0.0.tgz",
      "integrity": "sha512-WQa3KDIJmi3qNgru6nQQoSEP+4ICkDCNec+k2otEBMRJTCi47J40OlrXmhJQs2pG8LFO/IboFqQgBNbO1mTErg=="
    }
  }
}
